
Microsoft Visual Studio Solution File, Format Version 12.00
# Visual Studio Version 17
VisualStudioVersion = 17.5.33530.505
MinimumVisualStudioVersion = 10.0.40219.1
Project("{FAE04EC0-301F-11D3-BF4B-00C04F79EFBC}") = "CleanHouse.Api", "CleanHouse.Api\CleanHouse.Api.csproj", "{99EAEBC0-3CE7-4080-B365-1499227305AF}"
EndProject
Project("{FAE04EC0-301F-11D3-BF4B-00C04F79EFBC}") = "CleanHouse.PersistancyLayer", "..\CleanHouse.PersistancyLayer\CleanHouse.PersistancyLayer.csproj", "{F2688238-879C-431B-9F17-839E543B2904}"
EndProject
Project("{FAE04EC0-301F-11D3-BF4B-00C04F79EFBC}") = "CleanHouse.BusinessLayer", "..\CleanHouse.BusinessLayer\CleanHouse.BusinessLayer.csproj", "{B1DEFA4D-7BEF-4D92-B33C-04F080AAE972}"
EndProject
Global
	GlobalSection(SolutionConfigurationPlatforms) = preSolution
		Debug|Any CPU = Debug|Any CPU
		Release|Any CPU = Release|Any CPU
	EndGlobalSection
	GlobalSection(ProjectConfigurationPlatforms) = postSolution
		{99EAEBC0-3CE7-4080-B365-1499227305AF}.Debug|Any CPU.ActiveCfg = Debug|Any CPU
		{99EAEBC0-3CE7-4080-B365-1499227305AF}.Debug|Any CPU.Build.0 = Debug|Any CPU
		{99EAEBC0-3CE7-4080-B365-1499227305AF}.Release|Any CPU.ActiveCfg = Release|Any CPU
		{99EAEBC0-3CE7-4080-B365-1499227305AF}.Release|Any CPU.Build.0 = Release|Any CPU
		{F2688238-879C-431B-9F17-839E543B2904}.Debug|Any CPU.ActiveCfg = Debug|Any CPU
		{F2688238-879C-431B-9F17-839E543B2904}.Debug|Any CPU.Build.0 = Debug|Any CPU
		{F2688238-879C-431B-9F17-839E543B2904}.Release|Any CPU.ActiveCfg = Release|Any CPU
		{F2688238-879C-431B-9F17-839E543B2904}.Release|Any CPU.Build.0 = Release|Any CPU
		{B1DEFA4D-7BEF-4D92-B33C-04F080AAE972}.Debug|Any CPU.ActiveCfg = Debug|Any CPU
		{B1DEFA4D-7BEF-4D92-B33C-04F080AAE972}.Debug|Any CPU.Build.0 = Debug|Any CPU
		{B1DEFA4D-7BEF-4D92-B33C-04F080AAE972}.Release|Any CPU.ActiveCfg = Release|Any CPU
		{B1DEFA4D-7BEF-4D92-B33C-04F080AAE972}.Release|Any CPU.Build.0 = Release|Any CPU
	EndGlobalSection
	GlobalSection(SolutionProperties) = preSolution
		HideSolutionNode = FALSE
	EndGlobalSection
	GlobalSection(ExtensibilityGlobals) = postSolution
		SolutionGuid = {CAB7A799-1C92-4658-B0D6-E61E7F27F3EC}
	EndGlobalSection
EndGlobal
